
Microsoft Visual Studio Solution File, Format Version 12.00
# Visual Studio Version 17
VisualStudioVersion = 17.0.33530.339
MinimumVisualStudioVersion = 10.0.40219.1
Project("{9A19103F-16F7-4668-BE54-9A1E7A4F7556}") = "AccountOwnerServer", ".\AccountOwnerServer\AccountOwnerServer.csproj", "{09616F89-DB1B-40E0-9C16-F15000492F31}"
EndProject
Project("{9A19103F-16F7-4668-BE54-9A1E7A4F7556}") = "Contracts", ".\Contracts\Contracts.csproj", "{8C7637BB-073C-4BB4-8567-5EC6B4AF4DC1}"
EndProject
Project("{9A19103F-16F7-4668-BE54-9A1E7A4F7556}") = "LoggerService", ".\LoggerService\LoggerService.csproj", "{EA666012-162C-430A-A6B2-D908E700BB13}"
EndProject
Project("{9A19103F-16F7-4668-BE54-9A1E7A4F7556}") = "Entities", ".\Entities\Entities.csproj", "{294AC324-A6B5-4EF0-9232-0B4BD7AABF3F}"
EndProject
Project("{9A19103F-16F7-4668-BE54-9A1E7A4F7556}") = "Repository", ".\Repository\Repository.csproj", "{8F9912B9-1055-4529-9BCA-C25E7B53A4F7}"
EndProject
Global
	GlobalSection(SolutionConfigurationPlatforms) = preSolution
		Debug|Any CPU = Debug|Any CPU
		Release|Any CPU = Release|Any CPU
	EndGlobalSection
	GlobalSection(ProjectConfigurationPlatforms) = postSolution
		{09616F89-DB1B-40E0-9C16-F15000492F31}.Debug|Any CPU.ActiveCfg = Debug|Any CPU
		{09616F89-DB1B-40E0-9C16-F15000492F31}.Debug|Any CPU.Build.0 = Debug|Any CPU
		{09616F89-DB1B-40E0-9C16-F15000492F31}.Release|Any CPU.ActiveCfg = Release|Any CPU
		{09616F89-DB1B-40E0-9C16-F15000492F31}.Release|Any CPU.Build.0 = Release|Any CPU
		{8C7637BB-073C-4BB4-8567-5EC6B4AF4DC1}.Debug|Any CPU.ActiveCfg = Debug|Any CPU
		{8C7637BB-073C-4BB4-8567-5EC6B4AF4DC1}.Debug|Any CPU.Build.0 = Debug|Any CPU
		{8C7637BB-073C-4BB4-8567-5EC6B4AF4DC1}.Release|Any CPU.ActiveCfg = Release|Any CPU
		{8C7637BB-073C-4BB4-8567-5EC6B4AF4DC1}.Release|Any CPU.Build.0 = Release|Any CPU
		{EA666012-162C-430A-A6B2-D908E700BB13}.Debug|Any CPU.ActiveCfg = Debug|Any CPU
		{EA666012-162C-430A-A6B2-D908E700BB13}.Debug|Any CPU.Build.0 = Debug|Any CPU
		{EA666012-162C-430A-A6B2-D908E700BB13}.Release|Any CPU.ActiveCfg = Release|Any CPU
		{EA666012-162C-430A-A6B2-D908E700BB13}.Release|Any CPU.Build.0 = Release|Any CPU
		{294AC324-A6B5-4EF0-9232-0B4BD7AABF3F}.Debug|Any CPU.ActiveCfg = Debug|Any CPU
		{294AC324-A6B5-4EF0-9232-0B4BD7AABF3F}.Debug|Any CPU.Build.0 = Debug|Any CPU
		{294AC324-A6B5-4EF0-9232-0B4BD7AABF3F}.Release|Any CPU.ActiveCfg = Release|Any CPU
		{294AC324-A6B5-4EF0-9232-0B4BD7AABF3F}.Release|Any CPU.Build.0 = Release|Any CPU
		{8F9912B9-1055-4529-9BCA-C25E7B53A4F7}.Debug|Any CPU.ActiveCfg = Debug|Any CPU
		{8F9912B9-1055-4529-9BCA-C25E7B53A4F7}.Debug|Any CPU.Build.0 = Debug|Any CPU
		{8F9912B9-1055-4529-9BCA-C25E7B53A4F7}.Release|Any CPU.ActiveCfg = Release|Any CPU
		{8F9912B9-1055-4529-9BCA-C25E7B53A4F7}.Release|Any CPU.Build.0 = Release|Any CPU
	EndGlobalSection
	GlobalSection(SolutionProperties) = preSolution
		HideSolutionNode = FALSE
	EndGlobalSection
	GlobalSection(ExtensibilityGlobals) = postSolution
		SolutionGuid = {B4B64BCA-5184-476F-AC5D-3AC330857054}
	EndGlobalSection
EndGlobal
